
Microsoft Visual Studio Solution File, Format Version 12.00
# Visual Studio Version 16
VisualStudioVersion = 16.0.34114.132
MinimumVisualStudioVersion = 10.0.40219.1
Project("{8BC9CEB8-8B4A-11D0-8D11-00A0C91BC942}") = "Console", "Console.vcxproj", "{D491E69F-6795-4883-9B22-29332423A17F}"
EndProject
Global
	GlobalSection(SolutionConfigurationPlatforms) = preSolution
		Debug|x86 = Debug|x86
		DebugU|x86 = DebugU|x86
		Release|x86 = Release|x86
		ReleaseU|x86 = ReleaseU|x86
	EndGlobalSection
	GlobalSection(ProjectConfigurationPlatforms) = postSolution
		{D491E69F-6795-4883-9B22-29332423A17F}.Debug|x86.ActiveCfg = Debug|Win32
		{D491E69F-6795-4883-9B22-29332423A17F}.Debug|x86.Build.0 = Debug|Win32
		{D491E69F-6795-4883-9B22-29332423A17F}.DebugU|x86.ActiveCfg = DebugU|Win32
		{D491E69F-6795-4883-9B22-29332423A17F}.DebugU|x86.Build.0 = DebugU|Win32
		{D491E69F-6795-4883-9B22-29332423A17F}.Release|x86.ActiveCfg = Release|Win32
		{D491E69F-6795-4883-9B22-29332423A17F}.Release|x86.Build.0 = Release|Win32
		{D491E69F-6795-4883-9B22-29332423A17F}.ReleaseU|x86.ActiveCfg = ReleaseU|Win32
		{D491E69F-6795-4883-9B22-29332423A17F}.ReleaseU|x86.Build.0 = ReleaseU|Win32
	EndGlobalSection
	GlobalSection(SolutionProperties) = preSolution
		HideSolutionNode = FALSE
	EndGlobalSection
	GlobalSection(ExtensibilityGlobals) = postSolution
		SolutionGuid = {64D0B602-1E93-4BFE-8C89-523ABB2CCF74}
	EndGlobalSection
EndGlobal
